
Microsoft Visual Studio Solution File, Format Version 12.00
# Visual Studio Version 16
VisualStudioVersion = 16.0.29324.140
MinimumVisualStudioVersion = 10.0.40219.1
Project("{FAE04EC0-301F-11D3-BF4B-00C04F79EFBC}") = "CredentialService", "CredentialService\CredentialService.csproj", "{7E3FE50B-C8CD-4DD0-A1DD-C5069E1FEF01}"
EndProject
Global
	GlobalSection(SolutionConfigurationPlatforms) = preSolution
		Debug|Any CPU = Debug|Any CPU
		Release|Any CPU = Release|Any CPU
	EndGlobalSection
	GlobalSection(ProjectConfigurationPlatforms) = postSolution
		{7E3FE50B-C8CD-4DD0-A1DD-C5069E1FEF01}.Debug|Any CPU.ActiveCfg = Debug|Any CPU
		{7E3FE50B-C8CD-4DD0-A1DD-C5069E1FEF01}.Debug|Any CPU.Build.0 = Debug|Any CPU
		{7E3FE50B-C8CD-4DD0-A1DD-C5069E1FEF01}.Release|Any CPU.ActiveCfg = Release|Any CPU
		{7E3FE50B-C8CD-4DD0-A1DD-C5069E1FEF01}.Release|Any CPU.Build.0 = Release|Any CPU
	EndGlobalSection
	GlobalSection(SolutionProperties) = preSolution
		HideSolutionNode = FALSE
	EndGlobalSection
	GlobalSection(ExtensibilityGlobals) = postSolution
		SolutionGuid = {D5B36879-4FEF-4B19-A664-06E91B035E7A}
	EndGlobalSection
EndGlobal
